{
  "version": 4,
  "terraform_version": "1.8.2",
  "serial": 3,
  "lineage": "097b98f3-6634-4804-b2fc-c11ad6111260",
  "outputs": {},
  "resources": [
    {
      "mode": "managed",
      "type": "local_file",
      "name": "say_hello",
      "provider": "provider[\"registry.terraform.io/hashicorp/local\"]",
      "instances": [
        {
          "schema_version": 0,
          "attributes": {
            "content": "    x = \"hello\"\n    def say_hello(x):\n        return (x)\n\nprint (say_hello(x))\"\n",
            "content_base64": null,
            "content_base64sha256": "5YaI+Ru/KUcHEldgvF/4brFXgrTqRPPlEZFjkgktJ+Q=",
            "content_base64sha512": "lvSvozU8cgU5fD74xHwooN+z1FusTRZ/1mwdVqftbhXqE5M+GMGDw3qZ+tni9Zj4E0EcRFwybNVEDDig8nh8KA==",
            "content_md5": "c4c92d6404a44b2b178104b5c5effbf0",
            "content_sha1": "c18ebf998a9e5e4b6117abdc1c18ee29802eb005",
            "content_sha256": "e58688f91bbf294707125760bc5ff86eb15782b4ea44f3e511916392092d27e4",
            "content_sha512": "96f4afa3353c7205397c3ef8c47c28a0dfb3d45bac4d167fd66c1d56a7ed6e15ea13933e18c183c37a99fad9e2f598f813411c445c326cd5440c38a0f2787c28",
            "directory_permission": "0777",
            "file_permission": "0777",
            "filename": "./hello.py",
            "id": "c18ebf998a9e5e4b6117abdc1c18ee29802eb005",
            "sensitive_content": null,
            "source": null
          },
          "sensitive_attributes": [
            [
              {
                "type": "get_attr",
                "value": "sensitive_content"
              }
            ]
          ]
        }
      ]
    }
  ],
  "check_results": null
}
